
Microsoft Visual Studio Solution File, Format Version 12.00
# Visual Studio Version 17
VisualStudioVersion = 17.2.32630.192
MinimumVisualStudioVersion = 10.0.40219.1
Project("{FAE04EC0-301F-11D3-BF4B-00C04F79EFBC}") = "StatementsLoopsEx3", "StatementsLoopsEx3.csproj", "{653364B1-7C59-4824-AE11-5E2CD11C7A4B}"
EndProject
Global
	GlobalSection(SolutionConfigurationPlatforms) = preSolution
		Debug|Any CPU = Debug|Any CPU
		Release|Any CPU = Release|Any CPU
	EndGlobalSection
	GlobalSection(ProjectConfigurationPlatforms) = postSolution
		{653364B1-7C59-4824-AE11-5E2CD11C7A4B}.Debug|Any CPU.ActiveCfg = Debug|Any CPU
		{653364B1-7C59-4824-AE11-5E2CD11C7A4B}.Debug|Any CPU.Build.0 = Debug|Any CPU
		{653364B1-7C59-4824-AE11-5E2CD11C7A4B}.Release|Any CPU.ActiveCfg = Release|Any CPU
		{653364B1-7C59-4824-AE11-5E2CD11C7A4B}.Release|Any CPU.Build.0 = Release|Any CPU
	EndGlobalSection
	GlobalSection(SolutionProperties) = preSolution
		HideSolutionNode = FALSE
	EndGlobalSection
	GlobalSection(ExtensibilityGlobals) = postSolution
		SolutionGuid = {0B11D590-0F50-4906-BD71-AAAC362ED017}
	EndGlobalSection
EndGlobal
